{
  "name": "filemine",
  "version": "1.0.0",
  "lockfileVersion": 1,
  "requires": true,
  "dependencies": {
    "minimal-server-for-frontend-dev": {
      "version": "1.0.2",
      "resolved": "https://registry.npmjs.org/minimal-server-for-frontend-dev/-/minimal-server-for-frontend-dev-1.0.2.tgz",
      "integrity": "sha512-j6tx4kRjFWQHTAYaS8Qa/gBbthdZ1SpC2RvBzowJ5Z1AJgGSqxsKqRbqZEPRVqGEMwrxPIjq0ZkUGSE0+BV/Lg=="
    }
  }
}
