{
  "name": "filemine",
  "version": "1.0.0",
  "lockfileVersion": 1,
  "requires": true,
  "dependencies": {
    "minimal-server-for-frontend-dev": {
      "version": "1.0.1",
      "resolved": "https://registry.npmjs.org/minimal-server-for-frontend-dev/-/minimal-server-for-frontend-dev-1.0.1.tgz",
      "integrity": "sha512-jv0hmKTZsRS8wT0O5xDRp7g7SKj2opQPgvHFbRuwoIez7/dMTqBr2bGTgF0BEP76wiSw0NW/sAc+2fBoACf53w=="
    }
  }
}
